# This file is generated by running "yarn install" inside your project.
# Manual changes might be lost - proceed with caution!

__metadata:
  version: 8
  cacheKey: 10c0

"@promptflow/core@workspace:packages/core":
  version: 0.0.0-use.local
  resolution: "@promptflow/core@workspace:packages/core"
  languageName: unknown
  linkType: soft

"prompt@workspace:.":
  version: 0.0.0-use.local
  resolution: "prompt@workspace:."
  languageName: unknown
  linkType: soft
